# This file is automatically @generated by Cargo.
# It is not intended for manual editing.
version = 4

[[package]]
name = "aho-corasick"
version = "1.1.5"
source = "registry+https://github.com/rust-lang/crates.io-index"
checksum = "c982642fa9e8606056828ee9a8505737230110bb1099153c79efe865c59d12ba"
dependencies = [
 "memchr",
]

[[package]]
name = "cc"
version = "1.5.1"
source = "registry+https://github.com/rust-lang/crates.io-index"
checksum = "f360145194ee8e21db5ee7f3fcd4fe52210864c75c985dae33218202c8bbe040"
dependencies = [
 "find-msvc-tools",
 "shlex",
]

[[package]]
name = "dissimilar"
version = "1.0.11"
source = "registry+https://github.com/rust-lang/crates.io-index"
checksum = "aeda16ab4059c5fd2a83f2b9c9e9c981327b18aa8e3b313f7e6563799d4f093e"

[[package]]
name = "ec4rs"
version = "1.2.0"
source = "registry+https://github.com/rust-lang/crates.io-index"
checksum = "3b31a881d38439026e3d5dd938ab20328d36e23caca8fd5981c42e4b677f5842"

[[package]]
name = "expect-test"
version = "1.5.1"
source = "registry+https://github.com/rust-lang/crates.io-index"
checksum = "63af43ff4431e848fb47472a920f14fa71c24de13255a5692e93d4e90302acb0"
dependencies = [
 "dissimilar",
 "once_cell",
]

[[package]]
name = "find-msvc-tools"
version = "0.1.14"
source = "registry+https://github.com/rust-lang/crates.io-index"
checksum = "aedcfb3409746eddb02b9e19ebda1c3394f759a152e48ee875a0844d1b955484"

[[package]]
name = "ktrs"
version = "0.3.0"
dependencies = [
 "ktrs-cli",
 "mimalloc",
]

[[package]]
name = "ktrs-ast"
version = "0.3.0"
dependencies = [
 "ktrs-parser",
 "ktrs-psi",
 "ktrs-syntax",
 "mimalloc",
]

[[package]]
name = "ktrs-cli"
version = "0.3.0"
dependencies = [
 "ec4rs",
 "ktrs-editorconfig",
 "ktrs-fmt",
 "ktrs-lint",
 "regex",
]

[[package]]
name = "ktrs-editorconfig"
version = "0.3.0"
dependencies = [
 "regex",
]

[[package]]
name = "ktrs-fmt"
version = "0.3.0"
dependencies = [
 "expect-test",
 "ktrs-lexer",
 "ktrs-parser",
 "ktrs-psi",
 "ktrs-syntax",
 "mimalloc",
]

[[package]]
name = "ktrs-lexer"
version = "0.3.0"
dependencies = [
 "expect-test",
 "ktrs-syntax",
]

[[package]]
name = "ktrs-lint"
version = "0.3.0"
dependencies = [
 "ktrs-ast",
 "ktrs-editorconfig",
 "ktrs-parser",
 "ktrs-psi",
 "ktrs-syntax",
 "mimalloc",
 "regex",
]

[[package]]
name = "ktrs-parser"
version = "0.3.0"
dependencies = [
 "expect-test",
 "ktrs-lexer",
 "ktrs-syntax",
 "mimalloc",
]

[[package]]
name = "ktrs-psi"
version = "0.3.0"
dependencies = [
 "expect-test",
 "ktrs-parser",
 "ktrs-syntax",
]

[[package]]
name = "ktrs-syntax"
version = "0.3.0"
dependencies = [
 "text-size",
]

[[package]]
name = "ktrs-wasm"
version = "0.3.0"
dependencies = [
 "ktrs-fmt",
]

[[package]]
name = "libmimalloc-sys"
version = "0.1.49"
source = "registry+https://github.com/rust-lang/crates.io-index"
checksum = "6a45a52f43e1c16f667ccfe4dd8c85b7f7c204fd5e3bf46c5b0db9a5c3c0b8e9"
dependencies = [
 "cc",
]

[[package]]
name = "memchr"
version = "2.8.3"
source = "registry+https://github.com/rust-lang/crates.io-index"
checksum = "cf8baf1c55e62ffcace7a9f06f4bd9cd3f0c4beb022d3b367256b91b87513d98"

[[package]]
name = "mimalloc"
version = "0.1.52"
source = "registry+https://github.com/rust-lang/crates.io-index"
checksum = "2d4139bb28d14ad1facf21d5eb8825051b326e172d216b39f6d31df53cc97862"
dependencies = [
 "libmimalloc-sys",
]

[[package]]
name = "once_cell"
version = "1.21.4"
source = "registry+https://github.com/rust-lang/crates.io-index"
checksum = "9f7c3e4beb33f85d45ae3e3a1792185706c8e16d043238c593331cc7cd313b50"

[[package]]
name = "regex"
version = "1.13.1"
source = "registry+https://github.com/rust-lang/crates.io-index"
checksum = "f020237b6c8eed93db2e2cb53c00c60a8e1bc73da7d073199a1180401450218d"
dependencies = [
 "aho-corasick",
 "memchr",
 "regex-automata",
 "regex-syntax",
]

[[package]]
name = "regex-automata"
version = "0.4.18"
source = "registry+https://github.com/rust-lang/crates.io-index"
checksum = "ad8553b9b26413251cbf30e620595c7a41b3887f03da04579c0e6b0d6a06b4b2"
dependencies = [
 "aho-corasick",
 "memchr",
 "regex-syntax",
]

[[package]]
name = "regex-syntax"
version = "0.8.11"
source = "registry+https://github.com/rust-lang/crates.io-index"
checksum = "d6f6ff9a378485b298a5286656da665ba74413d36db0979633275d2e708145d4"

[[package]]
name = "shlex"
version = "2.0.1"
source = "registry+https://github.com/rust-lang/crates.io-index"
checksum = "f8fadd59c855ef2080decdef8ff161eb6661b86933c9d82e5ba29dc602a55aba"

[[package]]
name = "text-size"
version = "1.1.1"
source = "registry+https://github.com/rust-lang/crates.io-index"
checksum = "f18aa187839b2bdb1ad2fa35ead8c4c2976b64e4363c386d45ac0f7ee85c9233"

[[package]]
name = "xtask"
version = "0.3.0"
dependencies = [
 "ktrs-fmt",
 "ktrs-lint",
 "ktrs-parser",
 "ktrs-syntax",
 "mimalloc",
]
